{
  "originHash" : "a6ceb21d587c0ff16a74934f9f758bfcae4ad7abf63744d49313ce5c9d25e357",
  "pins" : [
    {
      "identity" : "bettersettings",
      "kind" : "remoteSourceControl",
      "location" : "https://github.com/rokartur/BetterSettings",
      "state" : {
        "revision" : "1e7cbe5ef11d79acc5dc4c2c57747d5494aa111c",
        "version" : "0.2.9"
      }
    },
    {
      "identity" : "bettershortcuts",
      "kind" : "remoteSourceControl",
      "location" : "https://github.com/rokartur/BetterShortcuts",
      "state" : {
        "revision" : "bf43d50ecdd478d8c738b15f12848b8efa05a6e1",
        "version" : "0.3.2"
      }
    },
    {
      "identity" : "betterupdater",
      "kind" : "remoteSourceControl",
      "location" : "https://github.com/rokartur/BetterUpdater",
      "state" : {
        "revision" : "f52c1c9ca4f878f7185aa7e341e679d6f706451d",
        "version" : "0.2.1"
      }
    },
    {
      "identity" : "swift-argument-parser",
      "kind" : "remoteSourceControl",
      "location" : "https://github.com/apple/swift-argument-parser.git",
      "state" : {
        "revision" : "6a52f3251125d74daf04fcbd5e6f08a75d074382",
        "version" : "1.8.2"
      }
    }
  ],
  "version" : 3
}
