// !$*UTF8*$!
{
	archiveVersion = 1;
	classes = {
	};
	objectVersion = 77;
	objects = {

/* Begin PBXBuildFile section */
		BE570000000000000000001E /* BetterSettings in Frameworks */ = {isa = PBXBuildFile; productRef = BE570000000000000000001C /* BetterSettings */; };
		BE570000000000000000001F /* BetterUpdater in Frameworks */ = {isa = PBXBuildFile; productRef = BE570000000000000000001D /* BetterUpdater */; };
		BE5700000000000000000032 /* BetterShortcuts in Frameworks */ = {isa = PBXBuildFile; productRef = BE5700000000000000000031 /* BetterShortcuts */; };
/* End PBXBuildFile section */

/* Begin PBXContainerItemProxy section */
		BE5700000000000000000027 /* PBXContainerItemProxy */ = {
			isa = PBXContainerItemProxy;
			containerPortal = BE5700000000000000000001 /* Project object */;
			proxyType = 1;
			remoteGlobalIDString = BE5700000000000000000005;
			remoteInfo = BetterShutter;
		};
/* End PBXContainerItemProxy section */

/* Begin PBXFileReference section */
		BE5700000000000000000006 /* BetterShutter Debug.app */ = {isa = PBXFileReference; explicitFileType = wrapper.application; includeInIndex = 0; path = "BetterShutter Debug.app"; sourceTree = BUILT_PRODUCTS_DIR; };
		BE5700000000000000000020 /* BetterShutterTests.xctest */ = {isa = PBXFileReference; explicitFileType = wrapper.cfbundle; includeInIndex = 0; path = BetterShutterTests.xctest; sourceTree = BUILT_PRODUCTS_DIR; };
/* End PBXFileReference section */

/* Begin PBXFileSystemSynchronizedRootGroup section */
		BE5700000000000000000004 /* BetterShutter */ = {
			isa = PBXFileSystemSynchronizedRootGroup;
			path = BetterShutter;
			sourceTree = "<group>";
		};
		BE5700000000000000000021 /* BetterShutterTests */ = {
			isa = PBXFileSystemSynchronizedRootGroup;
			path = BetterShutterTests;
			sourceTree = "<group>";
		};
/* End PBXFileSystemSynchronizedRootGroup section */

/* Begin PBXFrameworksBuildPhase section */
		BE5700000000000000000008 /* Frameworks */ = {
			isa = PBXFrameworksBuildPhase;
			buildActionMask = 2147483647;
			files = (
				BE570000000000000000001E /* BetterSettings in Frameworks */,
				BE570000000000000000001F /* BetterUpdater in Frameworks */,
				BE5700000000000000000032 /* BetterShortcuts in Frameworks */,
			);
			runOnlyForDeploymentPostprocessing = 0;
		};
		BE5700000000000000000024 /* Frameworks */ = {
			isa = PBXFrameworksBuildPhase;
			buildActionMask = 2147483647;
			files = (
			);
			runOnlyForDeploymentPostprocessing = 0;
		};
/* End PBXFrameworksBuildPhase section */

/* Begin PBXGroup section */
		BE5700000000000000000002 = {
			isa = PBXGroup;
			children = (
				BE5700000000000000000004 /* BetterShutter */,
				BE5700000000000000000021 /* BetterShutterTests */,
				BE5700000000000000000003 /* Products */,
			);
			sourceTree = "<group>";
		};
		BE5700000000000000000003 /* Products */ = {
			isa = PBXGroup;
			children = (
				BE5700000000000000000006 /* BetterShutter Debug.app */,
				BE5700000000000000000020 /* BetterShutterTests.xctest */,
			);
			name = Products;
			sourceTree = "<group>";
		};
/* End PBXGroup section */

/* Begin PBXNativeTarget section */
		BE5700000000000000000005 /* BetterShutter */ = {
			isa = PBXNativeTarget;
			buildConfigurationList = BE570000000000000000000B /* Build configuration list for PBXNativeTarget "BetterShutter" */;
			buildPhases = (
				BE5700000000000000000007 /* Sources */,
				BE5700000000000000000008 /* Frameworks */,
				BE5700000000000000000009 /* Resources */,
			);
			buildRules = (
			);
			dependencies = (
			);
			fileSystemSynchronizedGroups = (
				BE5700000000000000000004 /* BetterShutter */,
			);
			name = BetterShutter;
			packageProductDependencies = (
				BE570000000000000000001C /* BetterSettings */,
				BE570000000000000000001D /* BetterUpdater */,
				BE5700000000000000000031 /* BetterShortcuts */,
			);
			productName = BetterShutter;
			productReference = BE5700000000000000000006 /* BetterShutter Debug.app */;
			productType = "com.apple.product-type.application";
		};
		BE5700000000000000000022 /* BetterShutterTests */ = {
			isa = PBXNativeTarget;
			buildConfigurationList = BE5700000000000000000028 /* Build configuration list for PBXNativeTarget "BetterShutterTests" */;
			buildPhases = (
				BE5700000000000000000023 /* Sources */,
				BE5700000000000000000024 /* Frameworks */,
				BE5700000000000000000025 /* Resources */,
			);
			buildRules = (
			);
			dependencies = (
				BE5700000000000000000026 /* PBXTargetDependency */,
			);
			fileSystemSynchronizedGroups = (
				BE5700000000000000000021 /* BetterShutterTests */,
			);
			name = BetterShutterTests;
			packageProductDependencies = (
			);
			productName = BetterShutterTests;
			productReference = BE5700000000000000000020 /* BetterShutterTests.xctest */;
			productType = "com.apple.product-type.bundle.unit-test";
		};
/* End PBXNativeTarget section */

/* Begin PBXProject section */
		BE5700000000000000000001 /* Project object */ = {
			isa = PBXProject;
			attributes = {
				BuildIndependentTargetsInParallel = 1;
				LastSwiftUpdateCheck = 2650;
				LastUpgradeCheck = 2650;
				TargetAttributes = {
					BE5700000000000000000005 = {
						CreatedOnToolsVersion = 26.5;
					};
					BE5700000000000000000022 = {
						CreatedOnToolsVersion = 26.5;
						TestTargetID = BE5700000000000000000005;
					};
				};
			};
			buildConfigurationList = BE570000000000000000000A /* Build configuration list for PBXProject "BetterShutter" */;
			developmentRegion = en;
			hasScannedForEncodings = 0;
			knownRegions = (
				en,
				Base,
			);
			mainGroup = BE5700000000000000000002;
			minimizedProjectReferenceProxies = 1;
			packageReferences = (
				BE570000000000000000001A /* XCRemoteSwiftPackageReference "BetterSettings" */,
				BE570000000000000000001B /* XCRemoteSwiftPackageReference "BetterUpdater" */,
				BE5700000000000000000030 /* XCRemoteSwiftPackageReference "BetterShortcuts" */,
			);
			preferredProjectObjectVersion = 77;
			productRefGroup = BE5700000000000000000003 /* Products */;
			projectDirPath = "";
			projectRoot = "";
			targets = (
				BE5700000000000000000005 /* BetterShutter */,
				BE5700000000000000000022 /* BetterShutterTests */,
			);
		};
/* End PBXProject section */

/* Begin PBXResourcesBuildPhase section */
		BE5700000000000000000009 /* Resources */ = {
			isa = PBXResourcesBuildPhase;
			buildActionMask = 2147483647;
			files = (
			);
			runOnlyForDeploymentPostprocessing = 0;
		};
		BE5700000000000000000025 /* Resources */ = {
			isa = PBXResourcesBuildPhase;
			buildActionMask = 2147483647;
			files = (
			);
			runOnlyForDeploymentPostprocessing = 0;
		};
/* End PBXResourcesBuildPhase section */

/* Begin PBXSourcesBuildPhase section */
		BE5700000000000000000007 /* Sources */ = {
			isa = PBXSourcesBuildPhase;
			buildActionMask = 2147483647;
			files = (
			);
			runOnlyForDeploymentPostprocessing = 0;
		};
		BE5700000000000000000023 /* Sources */ = {
			isa = PBXSourcesBuildPhase;
			buildActionMask = 2147483647;
			files = (
			);
			runOnlyForDeploymentPostprocessing = 0;
		};
/* End PBXSourcesBuildPhase section */

/* Begin PBXTargetDependency section */
		BE5700000000000000000026 /* PBXTargetDependency */ = {
			isa = PBXTargetDependency;
			target = BE5700000000000000000005 /* BetterShutter */;
			targetProxy = BE5700000000000000000027 /* PBXContainerItemProxy */;
		};
/* End PBXTargetDependency section */

/* Begin XCBuildConfiguration section */
		BE570000000000000000000C /* Debug */ = {
			isa = XCBuildConfiguration;
			buildSettings = {
				ALWAYS_SEARCH_USER_PATHS = NO;
				ASSETCATALOG_COMPILER_GENERATE_SWIFT_ASSET_SYMBOL_EXTENSIONS = YES;
				CLANG_ANALYZER_NONNULL = YES;
				CLANG_ANALYZER_NUMBER_OBJECT_CONVERSION = YES_AGGRESSIVE;
				CLANG_ENABLE_MODULES = YES;
				CLANG_ENABLE_OBJC_ARC = YES;
				CLANG_ENABLE_OBJC_WEAK = YES;
				CLANG_WARN_BOOL_CONVERSION = YES;
				CLANG_WARN_CONSTANT_CONVERSION = YES;
				CLANG_WARN_DEPRECATED_OBJC_IMPLEMENTATIONS = YES;
				CLANG_WARN_DOCUMENTATION_COMMENTS = YES;
				CLANG_WARN_EMPTY_BODY = YES;
				CLANG_WARN_ENUM_CONVERSION = YES;
				CLANG_WARN_INFINITE_RECURSION = YES;
				CLANG_WARN_INT_CONVERSION = YES;
				CLANG_WARN_OBJC_IMPLICIT_RETAIN_SELF = YES;
				CLANG_WARN_OBJC_LITERAL_CONVERSION = YES;
				CLANG_WARN_OBJC_ROOT_CLASS = YES_ERROR;
				CLANG_WARN_RANGE_LOOP_ANALYSIS = YES;
				CLANG_WARN_SUSPICIOUS_MOVE = YES;
				CLANG_WARN_UNGUARDED_AVAILABILITY = YES_AGGRESSIVE;
				CLANG_WARN_UNREACHABLE_CODE = YES;
				COPY_PHASE_STRIP = NO;
				DEBUG_INFORMATION_FORMAT = dwarf;
				ENABLE_STRICT_OBJC_MSGSEND = YES;
				ENABLE_TESTABILITY = YES;
				ENABLE_USER_SCRIPT_SANDBOXING = YES;
				GCC_C_LANGUAGE_STANDARD = gnu17;
				GCC_DYNAMIC_NO_PIC = NO;
				GCC_NO_COMMON_BLOCKS = YES;
				GCC_OPTIMIZATION_LEVEL = 0;
				GCC_PREPROCESSOR_DEFINITIONS = (
					"DEBUG=1",
					"$(inherited)",
				);
				GCC_WARN_ABOUT_RETURN_TYPE = YES_ERROR;
				GCC_WARN_UNDECLARED_SELECTOR = YES;
				GCC_WARN_UNINITIALIZED_AUTOS = YES_AGGRESSIVE;
				GCC_WARN_UNUSED_FUNCTION = YES;
				GCC_WARN_UNUSED_VARIABLE = YES;
				LOCALIZATION_PREFERS_STRING_CATALOGS = YES;
				MACOSX_DEPLOYMENT_TARGET = 14.0;
				MTL_ENABLE_DEBUG_INFO = INCLUDE_SOURCE;
				MTL_FAST_MATH = YES;
				ONLY_ACTIVE_ARCH = YES;
				SDKROOT = macosx;
				SWIFT_ACTIVE_COMPILATION_CONDITIONS = "DEBUG $(inherited)";
				SWIFT_OPTIMIZATION_LEVEL = "-Onone";
			};
			name = Debug;
		};
		BE570000000000000000000D /* Release */ = {
			isa = XCBuildConfiguration;
			buildSettings = {
				ALWAYS_SEARCH_USER_PATHS = NO;
				ASSETCATALOG_COMPILER_GENERATE_SWIFT_ASSET_SYMBOL_EXTENSIONS = YES;
				CLANG_ANALYZER_NONNULL = YES;
				CLANG_ANALYZER_NUMBER_OBJECT_CONVERSION = YES_AGGRESSIVE;
				CLANG_ENABLE_MODULES = YES;
				CLANG_ENABLE_OBJC_ARC = YES;
				CLANG_ENABLE_OBJC_WEAK = YES;
				CLANG_WARN_BOOL_CONVERSION = YES;
				CLANG_WARN_CONSTANT_CONVERSION = YES;
				CLANG_WARN_DEPRECATED_OBJC_IMPLEMENTATIONS = YES;
				CLANG_WARN_DOCUMENTATION_COMMENTS = YES;
				CLANG_WARN_EMPTY_BODY = YES;
				CLANG_WARN_ENUM_CONVERSION = YES;
				CLANG_WARN_INFINITE_RECURSION = YES;
				CLANG_WARN_INT_CONVERSION = YES;
				CLANG_WARN_OBJC_IMPLICIT_RETAIN_SELF = YES;
				CLANG_WARN_OBJC_LITERAL_CONVERSION = YES;
				CLANG_WARN_OBJC_ROOT_CLASS = YES_ERROR;
				CLANG_WARN_RANGE_LOOP_ANALYSIS = YES;
				CLANG_WARN_SUSPICIOUS_MOVE = YES;
				CLANG_WARN_UNGUARDED_AVAILABILITY = YES_AGGRESSIVE;
				CLANG_WARN_UNREACHABLE_CODE = YES;
				COPY_PHASE_STRIP = NO;
				DEBUG_INFORMATION_FORMAT = "dwarf-with-dsym";
				ENABLE_NS_ASSERTIONS = NO;
				ENABLE_STRICT_OBJC_MSGSEND = YES;
				ENABLE_USER_SCRIPT_SANDBOXING = YES;
				GCC_C_LANGUAGE_STANDARD = gnu17;
				GCC_NO_COMMON_BLOCKS = YES;
				GCC_WARN_ABOUT_RETURN_TYPE = YES_ERROR;
				GCC_WARN_UNDECLARED_SELECTOR = YES;
				GCC_WARN_UNINITIALIZED_AUTOS = YES_AGGRESSIVE;
				GCC_WARN_UNUSED_FUNCTION = YES;
				GCC_WARN_UNUSED_VARIABLE = YES;
				LOCALIZATION_PREFERS_STRING_CATALOGS = YES;
				MACOSX_DEPLOYMENT_TARGET = 14.0;
				MTL_ENABLE_DEBUG_INFO = NO;
				MTL_FAST_MATH = YES;
				SDKROOT = macosx;
				SWIFT_COMPILATION_MODE = wholemodule;
			};
			name = Release;
		};
		BE570000000000000000000E /* Debug */ = {
			isa = XCBuildConfiguration;
			buildSettings = {
				ASSETCATALOG_COMPILER_APPICON_NAME = AppIcon;
				ASSETCATALOG_COMPILER_GLOBAL_ACCENT_COLOR_NAME = AccentColor;
				CODE_SIGN_ENTITLEMENTS = BetterShutter/BetterShutter.entitlements;
				CODE_SIGN_STYLE = Automatic;
				COMBINE_HIDPI_IMAGES = YES;
				CURRENT_PROJECT_VERSION = 1;
				DEVELOPMENT_TEAM = N529W98U62;
				ENABLE_APP_SANDBOX = NO;
				ENABLE_DEBUG_DYLIB = NO;
				ENABLE_HARDENED_RUNTIME = YES;
				GENERATE_INFOPLIST_FILE = YES;
				INFOPLIST_KEY_LSApplicationCategoryType = "public.app-category.productivity";
				INFOPLIST_KEY_LSUIElement = YES;
				INFOPLIST_KEY_NSHumanReadableCopyright = "Copyright © 2026 rokartur. All rights reserved.";
				INFOPLIST_KEY_NSMicrophoneUsageDescription = "BetterShutter records microphone audio when you include it in a screen recording.";
				INFOPLIST_KEY_NSPrincipalClass = NSApplication;
				LD_RUNPATH_SEARCH_PATHS = "@executable_path/../Frameworks";
				MARKETING_VERSION = 26.0;
				PRODUCT_BUNDLE_IDENTIFIER = app.bettershutter.BetterShutter.debug;
				PRODUCT_MODULE_NAME = BetterShutter;
				PRODUCT_NAME = "BetterShutter Debug";
				SWIFT_APPROACHABLE_CONCURRENCY = YES;
				SWIFT_DEFAULT_ACTOR_ISOLATION = MainActor;
				SWIFT_EMIT_LOC_STRINGS = YES;
				SWIFT_UPCOMING_FEATURE_MEMBER_IMPORT_VISIBILITY = YES;
				SWIFT_VERSION = 6.0;
			};
			name = Debug;
		};
		BE570000000000000000000F /* Release */ = {
			isa = XCBuildConfiguration;
			buildSettings = {
				ASSETCATALOG_COMPILER_APPICON_NAME = AppIcon;
				ASSETCATALOG_COMPILER_GLOBAL_ACCENT_COLOR_NAME = AccentColor;
				ASSETCATALOG_COMPILER_OPTIMIZATION = space;
				CODE_SIGN_ENTITLEMENTS = BetterShutter/BetterShutter.entitlements;
				CODE_SIGN_STYLE = Automatic;
				COMBINE_HIDPI_IMAGES = YES;
				CURRENT_PROJECT_VERSION = 1;
				DEAD_CODE_STRIPPING = YES;
				DEPLOYMENT_POSTPROCESSING = YES;
				DEVELOPMENT_TEAM = N529W98U62;
				ENABLE_APP_SANDBOX = NO;
				ENABLE_DEBUG_DYLIB = NO;
				ENABLE_HARDENED_RUNTIME = YES;
				GCC_OPTIMIZATION_LEVEL = s;
				GENERATE_INFOPLIST_FILE = YES;
				INFOPLIST_KEY_LSApplicationCategoryType = "public.app-category.productivity";
				INFOPLIST_KEY_LSUIElement = YES;
				INFOPLIST_KEY_NSHumanReadableCopyright = "Copyright © 2026 rokartur. All rights reserved.";
				INFOPLIST_KEY_NSMicrophoneUsageDescription = "BetterShutter records microphone audio when you include it in a screen recording.";
				INFOPLIST_KEY_NSPrincipalClass = NSApplication;
				LD_RUNPATH_SEARCH_PATHS = "@executable_path/../Frameworks";
				MARKETING_VERSION = 26.0;
				PRODUCT_BUNDLE_IDENTIFIER = app.bettershutter.BetterShutter;
				PRODUCT_MODULE_NAME = BetterShutter;
				PRODUCT_NAME = "$(TARGET_NAME)";
				STRIP_INSTALLED_PRODUCT = YES;
				STRIP_STYLE = all;
				STRIP_SWIFT_SYMBOLS = YES;
				SWIFT_APPROACHABLE_CONCURRENCY = YES;
				SWIFT_DEFAULT_ACTOR_ISOLATION = MainActor;
				SWIFT_EMIT_LOC_STRINGS = YES;
				SWIFT_OPTIMIZATION_LEVEL = "-Osize";
				SWIFT_UPCOMING_FEATURE_MEMBER_IMPORT_VISIBILITY = YES;
				SWIFT_VERSION = 6.0;
			};
			name = Release;
		};
		BE5700000000000000000029 /* Debug */ = {
			isa = XCBuildConfiguration;
			buildSettings = {
				BUNDLE_LOADER = "$(TEST_HOST)";
				CODE_SIGN_STYLE = Automatic;
				CURRENT_PROJECT_VERSION = 1;
				DEVELOPMENT_TEAM = N529W98U62;
				GENERATE_INFOPLIST_FILE = YES;
				MACOSX_DEPLOYMENT_TARGET = 14.0;
				MARKETING_VERSION = 26.0;
				PRODUCT_BUNDLE_IDENTIFIER = app.bettershutter.BetterShutterTests;
				PRODUCT_NAME = "$(TARGET_NAME)";
				SDKROOT = macosx;
				SWIFT_EMIT_LOC_STRINGS = NO;
				SWIFT_VERSION = 6.0;
				TEST_HOST = "$(BUILT_PRODUCTS_DIR)/BetterShutter Debug.app/Contents/MacOS/BetterShutter Debug";
			};
			name = Debug;
		};
		BE570000000000000000002A /* Release */ = {
			isa = XCBuildConfiguration;
			buildSettings = {
				BUNDLE_LOADER = "$(TEST_HOST)";
				CODE_SIGN_STYLE = Automatic;
				CURRENT_PROJECT_VERSION = 1;
				DEVELOPMENT_TEAM = N529W98U62;
				GENERATE_INFOPLIST_FILE = YES;
				MACOSX_DEPLOYMENT_TARGET = 14.0;
				MARKETING_VERSION = 26.0;
				PRODUCT_BUNDLE_IDENTIFIER = app.bettershutter.BetterShutterTests;
				PRODUCT_NAME = "$(TARGET_NAME)";
				SDKROOT = macosx;
				SWIFT_EMIT_LOC_STRINGS = NO;
				SWIFT_VERSION = 6.0;
				TEST_HOST = "$(BUILT_PRODUCTS_DIR)/BetterShutter.app/Contents/MacOS/BetterShutter";
			};
			name = Release;
		};
/* End XCBuildConfiguration section */

/* Begin XCConfigurationList section */
		BE570000000000000000000A /* Build configuration list for PBXProject "BetterShutter" */ = {
			isa = XCConfigurationList;
			buildConfigurations = (
				BE570000000000000000000C /* Debug */,
				BE570000000000000000000D /* Release */,
			);
			defaultConfigurationIsVisible = 0;
			defaultConfigurationName = Release;
		};
		BE570000000000000000000B /* Build configuration list for PBXNativeTarget "BetterShutter" */ = {
			isa = XCConfigurationList;
			buildConfigurations = (
				BE570000000000000000000E /* Debug */,
				BE570000000000000000000F /* Release */,
			);
			defaultConfigurationIsVisible = 0;
			defaultConfigurationName = Release;
		};
		BE5700000000000000000028 /* Build configuration list for PBXNativeTarget "BetterShutterTests" */ = {
			isa = XCConfigurationList;
			buildConfigurations = (
				BE5700000000000000000029 /* Debug */,
				BE570000000000000000002A /* Release */,
			);
			defaultConfigurationIsVisible = 0;
			defaultConfigurationName = Release;
		};
/* End XCConfigurationList section */

/* Begin XCRemoteSwiftPackageReference section */
		BE570000000000000000001A /* XCRemoteSwiftPackageReference "BetterSettings" */ = {
			isa = XCRemoteSwiftPackageReference;
			repositoryURL = "https://github.com/rokartur/BetterSettings";
			requirement = {
				kind = upToNextMinorVersion;
				minimumVersion = 0.1.2;
			};
		};
		BE570000000000000000001B /* XCRemoteSwiftPackageReference "BetterUpdater" */ = {
			isa = XCRemoteSwiftPackageReference;
			repositoryURL = "https://github.com/rokartur/BetterUpdater";
			requirement = {
				kind = upToNextMinorVersion;
				minimumVersion = 0.2.1;
			};
		};
		BE5700000000000000000030 /* XCRemoteSwiftPackageReference "BetterShortcuts" */ = {
			isa = XCRemoteSwiftPackageReference;
			repositoryURL = "https://github.com/rokartur/BetterShortcuts";
			requirement = {
				kind = upToNextMinorVersion;
				minimumVersion = 0.2.0;
			};
		};
/* End XCRemoteSwiftPackageReference section */

/* Begin XCSwiftPackageProductDependency section */
		BE570000000000000000001C /* BetterSettings */ = {
			isa = XCSwiftPackageProductDependency;
			package = BE570000000000000000001A /* XCRemoteSwiftPackageReference "BetterSettings" */;
			productName = BetterSettings;
		};
		BE570000000000000000001D /* BetterUpdater */ = {
			isa = XCSwiftPackageProductDependency;
			package = BE570000000000000000001B /* XCRemoteSwiftPackageReference "BetterUpdater" */;
			productName = BetterUpdater;
		};
		BE5700000000000000000031 /* BetterShortcuts */ = {
			isa = XCSwiftPackageProductDependency;
			package = BE5700000000000000000030 /* XCRemoteSwiftPackageReference "BetterShortcuts" */;
			productName = BetterShortcuts;
		};
/* End XCSwiftPackageProductDependency section */
	};
	rootObject = BE5700000000000000000001 /* Project object */;
}
